
Microsoft Visual Studio Solution File, Format Version 12.00
# Visual Studio Version 16
VisualStudioVersion = 16.0.29318.209
MinimumVisualStudioVersion = 10.0.40219.1
Project("{9A19103F-16F7-4668-BE54-9A1E7A4F7556}") = "EFCore.BulkExtensions", "EFCore.BulkExtensions\EFCore.BulkExtensions.csproj", "{7D066852-F665-4FAB-B65A-5E8244496C24}"
EndProject
Project("{9A19103F-16F7-4668-BE54-9A1E7A4F7556}") = "EFCore.BulkExtensions.Tests", "EFCore.BulkExtensions.Tests\EFCore.BulkExtensions.Tests.csproj", "{2328B243-982C-47B7-885B-999231149C72}"
EndProject
Project("{9A19103F-16F7-4668-BE54-9A1E7A4F7556}") = "EFCore.BulkExtensions.SqlServer", "EFCore.BulkExtensions.SqlServer\EFCore.BulkExtensions.SqlServer.csproj", "{CEE4F920-9314-4E3B-A375-E816A7A200A0}"
EndProject
Project("{9A19103F-16F7-4668-BE54-9A1E7A4F7556}") = "EFCore.BulkExtensions.Sqlite", "EFCore.BulkExtensions.Sqlite\EFCore.BulkExtensions.Sqlite.csproj", "{61575452-EFA4-45B3-8AB7-2676481ED92C}"
EndProject
Project("{2150E333-8FDC-42A3-9474-1A3956D46DE8}") = "Solution Items", "Solution Items", "{BA8879AA-258A-4A4F-9C41-45EDE2E12A90}"
	ProjectSection(SolutionItems) = preProject
		Directory.Build.props = Directory.Build.props
		README.md = README.md
	EndProjectSection
EndProject
Global
	GlobalSection(SolutionConfigurationPlatforms) = preSolution
		Debug|Any CPU = Debug|Any CPU
		Release|Any CPU = Release|Any CPU
	EndGlobalSection
	GlobalSection(ProjectConfigurationPlatforms) = postSolution
		{7D066852-F665-4FAB-B65A-5E8244496C24}.Debug|Any CPU.ActiveCfg = Debug|Any CPU
		{7D066852-F665-4FAB-B65A-5E8244496C24}.Debug|Any CPU.Build.0 = Debug|Any CPU
		{7D066852-F665-4FAB-B65A-5E8244496C24}.Release|Any CPU.ActiveCfg = Release|Any CPU
		{7D066852-F665-4FAB-B65A-5E8244496C24}.Release|Any CPU.Build.0 = Release|Any CPU
		{2328B243-982C-47B7-885B-999231149C72}.Debug|Any CPU.ActiveCfg = Debug|Any CPU
		{2328B243-982C-47B7-885B-999231149C72}.Debug|Any CPU.Build.0 = Debug|Any CPU
		{2328B243-982C-47B7-885B-999231149C72}.Release|Any CPU.ActiveCfg = Release|Any CPU
		{2328B243-982C-47B7-885B-999231149C72}.Release|Any CPU.Build.0 = Release|Any CPU
		{CEE4F920-9314-4E3B-A375-E816A7A200A0}.Debug|Any CPU.ActiveCfg = Debug|Any CPU
		{CEE4F920-9314-4E3B-A375-E816A7A200A0}.Debug|Any CPU.Build.0 = Debug|Any CPU
		{CEE4F920-9314-4E3B-A375-E816A7A200A0}.Release|Any CPU.ActiveCfg = Release|Any CPU
		{CEE4F920-9314-4E3B-A375-E816A7A200A0}.Release|Any CPU.Build.0 = Release|Any CPU
		{61575452-EFA4-45B3-8AB7-2676481ED92C}.Debug|Any CPU.ActiveCfg = Debug|Any CPU
		{61575452-EFA4-45B3-8AB7-2676481ED92C}.Debug|Any CPU.Build.0 = Debug|Any CPU
		{61575452-EFA4-45B3-8AB7-2676481ED92C}.Release|Any CPU.ActiveCfg = Release|Any CPU
		{61575452-EFA4-45B3-8AB7-2676481ED92C}.Release|Any CPU.Build.0 = Release|Any CPU
	EndGlobalSection
	GlobalSection(SolutionProperties) = preSolution
		HideSolutionNode = FALSE
	EndGlobalSection
	GlobalSection(ExtensibilityGlobals) = postSolution
		SolutionGuid = {F6CFFD1D-D456-4A8F-86FC-7CF2C893AB08}
	EndGlobalSection
EndGlobal
